
Microsoft Visual Studio Solution File, Format Version 10.00
# Visual Studio 2008
Project("{FAE04EC0-301F-11D3-BF4B-00C04F79EFBC}") = "Basics", "withmscorlib\Basics\Basics.csproj", "{A80742F4-F2AD-46CA-B604-2B365F941DC4}"
EndProject
Project("{FAE04EC0-301F-11D3-BF4B-00C04F79EFBC}") = "Library", "withmscorlib\AssemblyReference\Library\Library.csproj", "{F9192E40-841A-4C21-BC3B-E05C76538539}"
EndProject
Project("{FAE04EC0-301F-11D3-BF4B-00C04F79EFBC}") = "Application", "withmscorlib\AssemblyReference\Application\Application.csproj", "{10128BEF-FC7F-4FC6-BF2E-6F8E79E40D57}"
EndProject
Project("{FAE04EC0-301F-11D3-BF4B-00C04F79EFBC}") = "NoReferences", "withmscorlib\NoReferences\NoReferences.csproj", "{5FD707CF-734F-4995-8C22-BFBBD9D1E02D}"
EndProject
Global
	GlobalSection(SolutionConfigurationPlatforms) = preSolution
		Debug|Any CPU = Debug|Any CPU
		Release|Any CPU = Release|Any CPU
	EndGlobalSection
	GlobalSection(ProjectConfigurationPlatforms) = postSolution
		{A80742F4-F2AD-46CA-B604-2B365F941DC4}.Debug|Any CPU.ActiveCfg = Debug|Any CPU
		{A80742F4-F2AD-46CA-B604-2B365F941DC4}.Debug|Any CPU.Build.0 = Debug|Any CPU
		{A80742F4-F2AD-46CA-B604-2B365F941DC4}.Release|Any CPU.ActiveCfg = Release|Any CPU
		{A80742F4-F2AD-46CA-B604-2B365F941DC4}.Release|Any CPU.Build.0 = Release|Any CPU
		{F9192E40-841A-4C21-BC3B-E05C76538539}.Debug|Any CPU.ActiveCfg = Debug|Any CPU
		{F9192E40-841A-4C21-BC3B-E05C76538539}.Debug|Any CPU.Build.0 = Debug|Any CPU
		{F9192E40-841A-4C21-BC3B-E05C76538539}.Release|Any CPU.ActiveCfg = Release|Any CPU
		{F9192E40-841A-4C21-BC3B-E05C76538539}.Release|Any CPU.Build.0 = Release|Any CPU
		{10128BEF-FC7F-4FC6-BF2E-6F8E79E40D57}.Debug|Any CPU.ActiveCfg = Debug|Any CPU
		{10128BEF-FC7F-4FC6-BF2E-6F8E79E40D57}.Debug|Any CPU.Build.0 = Debug|Any CPU
		{10128BEF-FC7F-4FC6-BF2E-6F8E79E40D57}.Release|Any CPU.ActiveCfg = Release|Any CPU
		{10128BEF-FC7F-4FC6-BF2E-6F8E79E40D57}.Release|Any CPU.Build.0 = Release|Any CPU
		{5FD707CF-734F-4995-8C22-BFBBD9D1E02D}.Debug|Any CPU.ActiveCfg = Debug|Any CPU
		{5FD707CF-734F-4995-8C22-BFBBD9D1E02D}.Debug|Any CPU.Build.0 = Debug|Any CPU
		{5FD707CF-734F-4995-8C22-BFBBD9D1E02D}.Release|Any CPU.ActiveCfg = Release|Any CPU
		{5FD707CF-734F-4995-8C22-BFBBD9D1E02D}.Release|Any CPU.Build.0 = Release|Any CPU
	EndGlobalSection
	GlobalSection(SolutionProperties) = preSolution
		HideSolutionNode = FALSE
	EndGlobalSection
EndGlobal
