Microsoft Visual Studio Solution File, Format Version 10.00
# Visual Studio 2008
Project("{FAE04EC0-301F-11D3-BF4B-00C04F79EFBC}") = "mscorlib.VS2008", "mscorlib.VS2008.csproj", "{C1F08933-2774-46F4-9D18-E36B0FE6ECDF}"
EndProject
Global
	GlobalSection(SolutionConfigurationPlatforms) = preSolution
		Debug|Any CPU = Debug|Any CPU
		Debug|x86 = Debug|x86
		Release|Any CPU = Release|Any CPU
		Release|x86 = Release|x86
	EndGlobalSection
	GlobalSection(ProjectConfigurationPlatforms) = postSolution
		{C1F08933-2774-46F4-9D18-E36B0FE6ECDF}.Debug|Any CPU.ActiveCfg = Debug|Any CPU
		{C1F08933-2774-46F4-9D18-E36B0FE6ECDF}.Debug|Any CPU.Build.0 = Debug|Any CPU
		{C1F08933-2774-46F4-9D18-E36B0FE6ECDF}.Debug|x86.ActiveCfg = Debug|Any CPU
		{C1F08933-2774-46F4-9D18-E36B0FE6ECDF}.Release|Any CPU.ActiveCfg = Release|Any CPU
		{C1F08933-2774-46F4-9D18-E36B0FE6ECDF}.Release|Any CPU.Build.0 = Release|Any CPU
		{C1F08933-2774-46F4-9D18-E36B0FE6ECDF}.Release|x86.ActiveCfg = Release|Any CPU
	EndGlobalSection
	GlobalSection(SolutionProperties) = preSolution
		HideSolutionNode = FALSE
	EndGlobalSection
EndGlobal
